
Microsoft Visual Studio Solution File, Format Version 12.00
# Visual Studio Version 17
VisualStudioVersion = 17.5.002.0
MinimumVisualStudioVersion = 10.0.40219.1
Project("{2150E333-8FDC-42A3-9474-1A3956D46DE8}") = "csharp-prep", "csharp-prep", "{BB1121CC-87A0-410A-B2CB-668230FA2922}"
EndProject
Project("{9A19103F-16F7-4668-BE54-9A1E7A4F7556}") = "Prep1", "csharp-prep\Prep1\Prep1.csproj", "{0DAF9114-BDBA-4E24-A46E-A46B1A64F687}"
EndProject
Project("{9A19103F-16F7-4668-BE54-9A1E7A4F7556}") = "Prep2", "csharp-prep\Prep2\Prep2.csproj", "{E02BDDB7-0B15-41B5-8E7B-4B7659DC6FAD}"
EndProject
Project("{9A19103F-16F7-4668-BE54-9A1E7A4F7556}") = "Prep3", "csharp-prep\Prep3\Prep3.csproj", "{FF0EDA20-146B-410C-B209-0B6AF07CE497}"
EndProject
Project("{9A19103F-16F7-4668-BE54-9A1E7A4F7556}") = "Prep4", "csharp-prep\Prep4\Prep4.csproj", "{C136773B-613C-45A5-9FF9-3538A2179701}"
EndProject
Project("{9A19103F-16F7-4668-BE54-9A1E7A4F7556}") = "Prep5", "csharp-prep\Prep5\Prep5.csproj", "{4BD958BD-681D-415B-82EF-65BA6947C699}"
EndProject
Project("{2150E333-8FDC-42A3-9474-1A3956D46DE8}") = "final", "final", "{9E9626F2-EE91-4E6C-A4BF-0FB17D577BE4}"
EndProject
Project("{9A19103F-16F7-4668-BE54-9A1E7A4F7556}") = "FinalProject", "final\FinalProject\FinalProject.csproj", "{85AF7D23-7F78-462D-9994-47F1F75F7E8E}"
EndProject
Project("{9A19103F-16F7-4668-BE54-9A1E7A4F7556}") = "Foundation1", "final\Foundation1\Foundation1.csproj", "{2B898386-0DAB-4B4E-AC4E-561620604371}"
EndProject
Project("{9A19103F-16F7-4668-BE54-9A1E7A4F7556}") = "Foundation2", "final\Foundation2\Foundation2.csproj", "{FB176F03-281A-4973-8AC4-4E0498EA6F80}"
EndProject
Project("{9A19103F-16F7-4668-BE54-9A1E7A4F7556}") = "Foundation3", "final\Foundation3\Foundation3.csproj", "{2D9ADC3B-79E3-4B16-B3A0-705B2F02FB30}"
EndProject
Project("{9A19103F-16F7-4668-BE54-9A1E7A4F7556}") = "Foundation4", "final\Foundation4\Foundation4.csproj", "{2DC362A1-C73B-47E7-9546-F9064328FB28}"
EndProject
Project("{2150E333-8FDC-42A3-9474-1A3956D46DE8}") = "prepare", "prepare", "{4B877909-A654-48DF-AACE-5C2E45BBDA89}"
EndProject
Project("{9A19103F-16F7-4668-BE54-9A1E7A4F7556}") = "Learning02", "prepare\Learning02\Learning02.csproj", "{C4FB2569-8EF6-42AE-9642-D480FD5B167E}"
EndProject
Project("{9A19103F-16F7-4668-BE54-9A1E7A4F7556}") = "Learning03", "prepare\Learning03\Learning03.csproj", "{319D5430-6951-4780-9F2A-8EDFF1B370F7}"
EndProject
Project("{9A19103F-16F7-4668-BE54-9A1E7A4F7556}") = "Learning04", "prepare\Learning04\Learning04.csproj", "{9C589B69-441F-471D-A147-CA63C409FC5C}"
EndProject
Project("{9A19103F-16F7-4668-BE54-9A1E7A4F7556}") = "Learning05", "prepare\Learning05\Learning05.csproj", "{564D4329-ED4F-4CF8-B7E5-E5073483BE24}"
EndProject
Project("{2150E333-8FDC-42A3-9474-1A3956D46DE8}") = "prove", "prove", "{BD1416C2-ACF5-481A-84A3-B070CB11FCB7}"
EndProject
Project("{9A19103F-16F7-4668-BE54-9A1E7A4F7556}") = "Develop02", "prove\Develop02\Develop02.csproj", "{713E1D8F-8298-464B-823D-3B9299D838ED}"
EndProject
Project("{9A19103F-16F7-4668-BE54-9A1E7A4F7556}") = "Develop03", "prove\Develop03\Develop03.csproj", "{95236FAC-CFAA-44D0-A59B-2D74384E62DA}"
EndProject
Project("{9A19103F-16F7-4668-BE54-9A1E7A4F7556}") = "Develop04", "prove\Develop04\Develop04.csproj", "{C8A1757A-0350-4BCC-82E0-F1E25DEC3D3C}"
EndProject
Project("{9A19103F-16F7-4668-BE54-9A1E7A4F7556}") = "Develop05", "prove\Develop05\Develop05.csproj", "{E621377D-15E6-4C68-BBFF-982299FB9095}"
EndProject
Project("{2150E333-8FDC-42A3-9474-1A3956D46DE8}") = "sandbox", "sandbox", "{524D6F87-58E2-4DBA-9D08-80A0E968D759}"
EndProject
Project("{9A19103F-16F7-4668-BE54-9A1E7A4F7556}") = "Sandbox", "sandbox\Sandbox\Sandbox.csproj", "{02CD6152-0C46-47E7-948A-0D7110F8E3E4}"
EndProject
Global
	GlobalSection(SolutionConfigurationPlatforms) = preSolution
		Debug|Any CPU = Debug|Any CPU
		Release|Any CPU = Release|Any CPU
	EndGlobalSection
	GlobalSection(ProjectConfigurationPlatforms) = postSolution
		{0DAF9114-BDBA-4E24-A46E-A46B1A64F687}.Debug|Any CPU.ActiveCfg = Debug|Any CPU
		{0DAF9114-BDBA-4E24-A46E-A46B1A64F687}.Debug|Any CPU.Build.0 = Debug|Any CPU
		{0DAF9114-BDBA-4E24-A46E-A46B1A64F687}.Release|Any CPU.ActiveCfg = Release|Any CPU
		{0DAF9114-BDBA-4E24-A46E-A46B1A64F687}.Release|Any CPU.Build.0 = Release|Any CPU
		{E02BDDB7-0B15-41B5-8E7B-4B7659DC6FAD}.Debug|Any CPU.ActiveCfg = Debug|Any CPU
		{E02BDDB7-0B15-41B5-8E7B-4B7659DC6FAD}.Debug|Any CPU.Build.0 = Debug|Any CPU
		{E02BDDB7-0B15-41B5-8E7B-4B7659DC6FAD}.Release|Any CPU.ActiveCfg = Release|Any CPU
		{E02BDDB7-0B15-41B5-8E7B-4B7659DC6FAD}.Release|Any CPU.Build.0 = Release|Any CPU
		{FF0EDA20-146B-410C-B209-0B6AF07CE497}.Debug|Any CPU.ActiveCfg = Debug|Any CPU
		{FF0EDA20-146B-410C-B209-0B6AF07CE497}.Debug|Any CPU.Build.0 = Debug|Any CPU
		{FF0EDA20-146B-410C-B209-0B6AF07CE497}.Release|Any CPU.ActiveCfg = Release|Any CPU
		{FF0EDA20-146B-410C-B209-0B6AF07CE497}.Release|Any CPU.Build.0 = Release|Any CPU
		{C136773B-613C-45A5-9FF9-3538A2179701}.Debug|Any CPU.ActiveCfg = Debug|Any CPU
		{C136773B-613C-45A5-9FF9-3538A2179701}.Debug|Any CPU.Build.0 = Debug|Any CPU
		{C136773B-613C-45A5-9FF9-3538A2179701}.Release|Any CPU.ActiveCfg = Release|Any CPU
		{C136773B-613C-45A5-9FF9-3538A2179701}.Release|Any CPU.Build.0 = Release|Any CPU
		{4BD958BD-681D-415B-82EF-65BA6947C699}.Debug|Any CPU.ActiveCfg = Debug|Any CPU
		{4BD958BD-681D-415B-82EF-65BA6947C699}.Debug|Any CPU.Build.0 = Debug|Any CPU
		{4BD958BD-681D-415B-82EF-65BA6947C699}.Release|Any CPU.ActiveCfg = Release|Any CPU
		{4BD958BD-681D-415B-82EF-65BA6947C699}.Release|Any CPU.Build.0 = Release|Any CPU
		{85AF7D23-7F78-462D-9994-47F1F75F7E8E}.Debug|Any CPU.ActiveCfg = Debug|Any CPU
		{85AF7D23-7F78-462D-9994-47F1F75F7E8E}.Debug|Any CPU.Build.0 = Debug|Any CPU
		{85AF7D23-7F78-462D-9994-47F1F75F7E8E}.Release|Any CPU.ActiveCfg = Release|Any CPU
		{85AF7D23-7F78-462D-9994-47F1F75F7E8E}.Release|Any CPU.Build.0 = Release|Any CPU
		{2B898386-0DAB-4B4E-AC4E-561620604371}.Debug|Any CPU.ActiveCfg = Debug|Any CPU
		{2B898386-0DAB-4B4E-AC4E-561620604371}.Debug|Any CPU.Build.0 = Debug|Any CPU
		{2B898386-0DAB-4B4E-AC4E-561620604371}.Release|Any CPU.ActiveCfg = Release|Any CPU
		{2B898386-0DAB-4B4E-AC4E-561620604371}.Release|Any CPU.Build.0 = Release|Any CPU
		{FB176F03-281A-4973-8AC4-4E0498EA6F80}.Debug|Any CPU.ActiveCfg = Debug|Any CPU
		{FB176F03-281A-4973-8AC4-4E0498EA6F80}.Debug|Any CPU.Build.0 = Debug|Any CPU
		{FB176F03-281A-4973-8AC4-4E0498EA6F80}.Release|Any CPU.ActiveCfg = Release|Any CPU
		{FB176F03-281A-4973-8AC4-4E0498EA6F80}.Release|Any CPU.Build.0 = Release|Any CPU
		{2D9ADC3B-79E3-4B16-B3A0-705B2F02FB30}.Debug|Any CPU.ActiveCfg = Debug|Any CPU
		{2D9ADC3B-79E3-4B16-B3A0-705B2F02FB30}.Debug|Any CPU.Build.0 = Debug|Any CPU
		{2D9ADC3B-79E3-4B16-B3A0-705B2F02FB30}.Release|Any CPU.ActiveCfg = Release|Any CPU
		{2D9ADC3B-79E3-4B16-B3A0-705B2F02FB30}.Release|Any CPU.Build.0 = Release|Any CPU
		{2DC362A1-C73B-47E7-9546-F9064328FB28}.Debug|Any CPU.ActiveCfg = Debug|Any CPU
		{2DC362A1-C73B-47E7-9546-F9064328FB28}.Debug|Any CPU.Build.0 = Debug|Any CPU
		{2DC362A1-C73B-47E7-9546-F9064328FB28}.Release|Any CPU.ActiveCfg = Release|Any CPU
		{2DC362A1-C73B-47E7-9546-F9064328FB28}.Release|Any CPU.Build.0 = Release|Any CPU
		{C4FB2569-8EF6-42AE-9642-D480FD5B167E}.Debug|Any CPU.ActiveCfg = Debug|Any CPU
		{C4FB2569-8EF6-42AE-9642-D480FD5B167E}.Debug|Any CPU.Build.0 = Debug|Any CPU
		{C4FB2569-8EF6-42AE-9642-D480FD5B167E}.Release|Any CPU.ActiveCfg = Release|Any CPU
		{C4FB2569-8EF6-42AE-9642-D480FD5B167E}.Release|Any CPU.Build.0 = Release|Any CPU
		{319D5430-6951-4780-9F2A-8EDFF1B370F7}.Debug|Any CPU.ActiveCfg = Debug|Any CPU
		{319D5430-6951-4780-9F2A-8EDFF1B370F7}.Debug|Any CPU.Build.0 = Debug|Any CPU
		{319D5430-6951-4780-9F2A-8EDFF1B370F7}.Release|Any CPU.ActiveCfg = Release|Any CPU
		{319D5430-6951-4780-9F2A-8EDFF1B370F7}.Release|Any CPU.Build.0 = Release|Any CPU
		{9C589B69-441F-471D-A147-CA63C409FC5C}.Debug|Any CPU.ActiveCfg = Debug|Any CPU
		{9C589B69-441F-471D-A147-CA63C409FC5C}.Debug|Any CPU.Build.0 = Debug|Any CPU
		{9C589B69-441F-471D-A147-CA63C409FC5C}.Release|Any CPU.ActiveCfg = Release|Any CPU
		{9C589B69-441F-471D-A147-CA63C409FC5C}.Release|Any CPU.Build.0 = Release|Any CPU
		{564D4329-ED4F-4CF8-B7E5-E5073483BE24}.Debug|Any CPU.ActiveCfg = Debug|Any CPU
		{564D4329-ED4F-4CF8-B7E5-E5073483BE24}.Debug|Any CPU.Build.0 = Debug|Any CPU
		{564D4329-ED4F-4CF8-B7E5-E5073483BE24}.Release|Any CPU.ActiveCfg = Release|Any CPU
		{564D4329-ED4F-4CF8-B7E5-E5073483BE24}.Release|Any CPU.Build.0 = Release|Any CPU
		{713E1D8F-8298-464B-823D-3B9299D838ED}.Debug|Any CPU.ActiveCfg = Debug|Any CPU
		{713E1D8F-8298-464B-823D-3B9299D838ED}.Debug|Any CPU.Build.0 = Debug|Any CPU
		{713E1D8F-8298-464B-823D-3B9299D838ED}.Release|Any CPU.ActiveCfg = Release|Any CPU
		{713E1D8F-8298-464B-823D-3B9299D838ED}.Release|Any CPU.Build.0 = Release|Any CPU
		{95236FAC-CFAA-44D0-A59B-2D74384E62DA}.Debug|Any CPU.ActiveCfg = Debug|Any CPU
		{95236FAC-CFAA-44D0-A59B-2D74384E62DA}.Debug|Any CPU.Build.0 = Debug|Any CPU
		{95236FAC-CFAA-44D0-A59B-2D74384E62DA}.Release|Any CPU.ActiveCfg = Release|Any CPU
		{95236FAC-CFAA-44D0-A59B-2D74384E62DA}.Release|Any CPU.Build.0 = Release|Any CPU
		{C8A1757A-0350-4BCC-82E0-F1E25DEC3D3C}.Debug|Any CPU.ActiveCfg = Debug|Any CPU
		{C8A1757A-0350-4BCC-82E0-F1E25DEC3D3C}.Debug|Any CPU.Build.0 = Debug|Any CPU
		{C8A1757A-0350-4BCC-82E0-F1E25DEC3D3C}.Release|Any CPU.ActiveCfg = Release|Any CPU
		{C8A1757A-0350-4BCC-82E0-F1E25DEC3D3C}.Release|Any CPU.Build.0 = Release|Any CPU
		{E621377D-15E6-4C68-BBFF-982299FB9095}.Debug|Any CPU.ActiveCfg = Debug|Any CPU
		{E621377D-15E6-4C68-BBFF-982299FB9095}.Debug|Any CPU.Build.0 = Debug|Any CPU
		{E621377D-15E6-4C68-BBFF-982299FB9095}.Release|Any CPU.ActiveCfg = Release|Any CPU
		{E621377D-15E6-4C68-BBFF-982299FB9095}.Release|Any CPU.Build.0 = Release|Any CPU
		{02CD6152-0C46-47E7-948A-0D7110F8E3E4}.Debug|Any CPU.ActiveCfg = Debug|Any CPU
		{02CD6152-0C46-47E7-948A-0D7110F8E3E4}.Debug|Any CPU.Build.0 = Debug|Any CPU
		{02CD6152-0C46-47E7-948A-0D7110F8E3E4}.Release|Any CPU.ActiveCfg = Release|Any CPU
		{02CD6152-0C46-47E7-948A-0D7110F8E3E4}.Release|Any CPU.Build.0 = Release|Any CPU
	EndGlobalSection
	GlobalSection(SolutionProperties) = preSolution
		HideSolutionNode = FALSE
	EndGlobalSection
	GlobalSection(NestedProjects) = preSolution
		{0DAF9114-BDBA-4E24-A46E-A46B1A64F687} = {BB1121CC-87A0-410A-B2CB-668230FA2922}
		{E02BDDB7-0B15-41B5-8E7B-4B7659DC6FAD} = {BB1121CC-87A0-410A-B2CB-668230FA2922}
		{FF0EDA20-146B-410C-B209-0B6AF07CE497} = {BB1121CC-87A0-410A-B2CB-668230FA2922}
		{C136773B-613C-45A5-9FF9-3538A2179701} = {BB1121CC-87A0-410A-B2CB-668230FA2922}
		{4BD958BD-681D-415B-82EF-65BA6947C699} = {BB1121CC-87A0-410A-B2CB-668230FA2922}
		{85AF7D23-7F78-462D-9994-47F1F75F7E8E} = {9E9626F2-EE91-4E6C-A4BF-0FB17D577BE4}
		{2B898386-0DAB-4B4E-AC4E-561620604371} = {9E9626F2-EE91-4E6C-A4BF-0FB17D577BE4}
		{FB176F03-281A-4973-8AC4-4E0498EA6F80} = {9E9626F2-EE91-4E6C-A4BF-0FB17D577BE4}
		{2D9ADC3B-79E3-4B16-B3A0-705B2F02FB30} = {9E9626F2-EE91-4E6C-A4BF-0FB17D577BE4}
		{2DC362A1-C73B-47E7-9546-F9064328FB28} = {9E9626F2-EE91-4E6C-A4BF-0FB17D577BE4}
		{C4FB2569-8EF6-42AE-9642-D480FD5B167E} = {4B877909-A654-48DF-AACE-5C2E45BBDA89}
		{319D5430-6951-4780-9F2A-8EDFF1B370F7} = {4B877909-A654-48DF-AACE-5C2E45BBDA89}
		{9C589B69-441F-471D-A147-CA63C409FC5C} = {4B877909-A654-48DF-AACE-5C2E45BBDA89}
		{564D4329-ED4F-4CF8-B7E5-E5073483BE24} = {4B877909-A654-48DF-AACE-5C2E45BBDA89}
		{713E1D8F-8298-464B-823D-3B9299D838ED} = {BD1416C2-ACF5-481A-84A3-B070CB11FCB7}
		{95236FAC-CFAA-44D0-A59B-2D74384E62DA} = {BD1416C2-ACF5-481A-84A3-B070CB11FCB7}
		{C8A1757A-0350-4BCC-82E0-F1E25DEC3D3C} = {BD1416C2-ACF5-481A-84A3-B070CB11FCB7}
		{E621377D-15E6-4C68-BBFF-982299FB9095} = {BD1416C2-ACF5-481A-84A3-B070CB11FCB7}
		{02CD6152-0C46-47E7-948A-0D7110F8E3E4} = {524D6F87-58E2-4DBA-9D08-80A0E968D759}
	EndGlobalSection
	GlobalSection(ExtensibilityGlobals) = postSolution
		SolutionGuid = {F2DC5ACC-42A5-4E1F-BD67-7D2380CF84E7}
	EndGlobalSection
EndGlobal
